PODS:
  - complycube (0.2.3):
    - ComplyCubeMobileSDK
    - Flutter
  - ComplyCubeMobileSDK (2.0.2):
    - FingerprintPro (= 2.11.0)
    - GooglePlaces (= 7.4.0)
    - JWTDecode (= 2.6.3)
    - lottie-ios (= 4.5.1)
    - Sentry (= 8.49.0)
  - FingerprintPro (2.11.0)
  - Flutter (1.0.0)
  - GooglePlaces (7.4.0)
  - JWTDecode (2.6.3)
  - lottie-ios (4.5.1)
  - Sentry (8.49.0):
    - Sentry/Core (= 8.49.0)
  - Sentry/Core (8.49.0)

DEPENDENCIES:
  - complycube (from `.symlinks/plugins/complycube/ios`)
  - Flutter (from `Flutter`)

SPEC REPOS:
  trunk:
    - ComplyCubeMobileSDK
    - FingerprintPro
    - GooglePlaces
    - JWTDecode
    - lottie-ios
    - Sentry

EXTERNAL SOURCES:
  complycube:
    :path: ".symlinks/plugins/complycube/ios"
  Flutter:
    :path: Flutter

SPEC CHECKSUMS:
  complycube: 45e9a0f9de45d7e4b298899df00034e4cc5b6f3b
  ComplyCubeMobileSDK: 0f263cd90b63f2ffc8a683258aa787cfc4a29671
  FingerprintPro: 2fbd0cda75fbab32055f7cb38bc5fc9d17168979
  Flutter: e0871f40cf51350855a761d2e70bf5af5b9b5de7
  GooglePlaces: 544e908d94860bf6f8fc1865b80d2c7eb6b5f937
  JWTDecode: 33e5e26e5ddbd21b2065820894c08fef0cad9509
  lottie-ios: 248b380fa1b97d18e792c37d90da7ab2aa0d6562
  Sentry: 5eda2559a20fa0c377b695ed9d7c178a47122891

PODFILE CHECKSUM: df8650b08dbbe11aed162c6ff160063ae86ac47f

COCOAPODS: 1.16.2
